
Microsoft Visual Studio Solution File, Format Version 12.00
# Visual Studio 15
VisualStudioVersion = 15.0.27130.2024
MinimumVisualStudioVersion = 10.0.40219.1
Project("{9A19103F-16F7-4668-BE54-9A1E7A4F7556}") = "QueueServerLib", "QueueServerLib\QueueServerLib.csproj", "{0D0229B2-F1F2-4DF8-9208-28040D319E73}"
EndProject
Project("{9A19103F-16F7-4668-BE54-9A1E7A4F7556}") = "QueueClientLib", "QueueClientLib\QueueClientLib.csproj", "{C605A282-5840-41F5-A491-21E9B7C5410A}"
EndProject
Project("{9A19103F-16F7-4668-BE54-9A1E7A4F7556}") = "EQueueLib", "EQueueLib\EQueueLib.csproj", "{1106EE56-C086-4117-A99F-2BAA1C1F4C4E}"
EndProject
Project("{9A19103F-16F7-4668-BE54-9A1E7A4F7556}") = "E-QueueServer", "E-QueueServer\E-QueueServer.csproj", "{C7906523-BE28-475F-88EC-1BF36BE68548}"
EndProject
Project("{FAE04EC0-301F-11D3-BF4B-00C04F79EFBC}") = "ConsoleQueueClient", "ConsoleQueueClient\ConsoleQueueClient.csproj", "{15D5EC29-892B-4EEE-82AA-F707AE814352}"
EndProject
Global
	GlobalSection(SolutionConfigurationPlatforms) = preSolution
		Debug|Any CPU = Debug|Any CPU
		Release|Any CPU = Release|Any CPU
	EndGlobalSection
	GlobalSection(ProjectConfigurationPlatforms) = postSolution
		{0D0229B2-F1F2-4DF8-9208-28040D319E73}.Debug|Any CPU.ActiveCfg = Debug|Any CPU
		{0D0229B2-F1F2-4DF8-9208-28040D319E73}.Debug|Any CPU.Build.0 = Debug|Any CPU
		{0D0229B2-F1F2-4DF8-9208-28040D319E73}.Release|Any CPU.ActiveCfg = Release|Any CPU
		{0D0229B2-F1F2-4DF8-9208-28040D319E73}.Release|Any CPU.Build.0 = Release|Any CPU
		{C605A282-5840-41F5-A491-21E9B7C5410A}.Debug|Any CPU.ActiveCfg = Debug|Any CPU
		{C605A282-5840-41F5-A491-21E9B7C5410A}.Debug|Any CPU.Build.0 = Debug|Any CPU
		{C605A282-5840-41F5-A491-21E9B7C5410A}.Release|Any CPU.ActiveCfg = Release|Any CPU
		{C605A282-5840-41F5-A491-21E9B7C5410A}.Release|Any CPU.Build.0 = Release|Any CPU
		{1106EE56-C086-4117-A99F-2BAA1C1F4C4E}.Debug|Any CPU.ActiveCfg = Debug|Any CPU
		{1106EE56-C086-4117-A99F-2BAA1C1F4C4E}.Debug|Any CPU.Build.0 = Debug|Any CPU
		{1106EE56-C086-4117-A99F-2BAA1C1F4C4E}.Release|Any CPU.ActiveCfg = Release|Any CPU
		{1106EE56-C086-4117-A99F-2BAA1C1F4C4E}.Release|Any CPU.Build.0 = Release|Any CPU
		{C7906523-BE28-475F-88EC-1BF36BE68548}.Debug|Any CPU.ActiveCfg = Debug|Any CPU
		{C7906523-BE28-475F-88EC-1BF36BE68548}.Debug|Any CPU.Build.0 = Debug|Any CPU
		{C7906523-BE28-475F-88EC-1BF36BE68548}.Release|Any CPU.ActiveCfg = Release|Any CPU
		{C7906523-BE28-475F-88EC-1BF36BE68548}.Release|Any CPU.Build.0 = Release|Any CPU
		{15D5EC29-892B-4EEE-82AA-F707AE814352}.Debug|Any CPU.ActiveCfg = Debug|Any CPU
		{15D5EC29-892B-4EEE-82AA-F707AE814352}.Debug|Any CPU.Build.0 = Debug|Any CPU
		{15D5EC29-892B-4EEE-82AA-F707AE814352}.Release|Any CPU.ActiveCfg = Release|Any CPU
		{15D5EC29-892B-4EEE-82AA-F707AE814352}.Release|Any CPU.Build.0 = Release|Any CPU
	EndGlobalSection
	GlobalSection(SolutionProperties) = preSolution
		HideSolutionNode = FALSE
	EndGlobalSection
	GlobalSection(ExtensibilityGlobals) = postSolution
		SolutionGuid = {0C5B0333-C022-4E2B-8785-861979F11B78}
	EndGlobalSection
EndGlobal
